
Microsoft Visual Studio Solution File, Format Version 12.00
# Visual Studio Version 17
VisualStudioVersion = 17.9.34622.214
MinimumVisualStudioVersion = 10.0.40219.1
Project("{FAE04EC0-301F-11D3-BF4B-00C04F79EFBC}") = "Bakery-H", "Bakery-H\Bakery-H.csproj", "{4A4C7E43-AB1B-4C2A-93A0-2650E3F4820B}"
EndProject
Global
	GlobalSection(SolutionConfigurationPlatforms) = preSolution
		Debug|Any CPU = Debug|Any CPU
		Release|Any CPU = Release|Any CPU
	EndGlobalSection
	GlobalSection(ProjectConfigurationPlatforms) = postSolution
		{4A4C7E43-AB1B-4C2A-93A0-2650E3F4820B}.Debug|Any CPU.ActiveCfg = Debug|Any CPU
		{4A4C7E43-AB1B-4C2A-93A0-2650E3F4820B}.Debug|Any CPU.Build.0 = Debug|Any CPU
		{4A4C7E43-AB1B-4C2A-93A0-2650E3F4820B}.Release|Any CPU.ActiveCfg = Release|Any CPU
		{4A4C7E43-AB1B-4C2A-93A0-2650E3F4820B}.Release|Any CPU.Build.0 = Release|Any CPU
	EndGlobalSection
	GlobalSection(SolutionProperties) = preSolution
		HideSolutionNode = FALSE
	EndGlobalSection
	GlobalSection(ExtensibilityGlobals) = postSolution
		SolutionGuid = {51695F7A-C2BB-40D8-84D5-322225B8F53B}
	EndGlobalSection
EndGlobal
